
Microsoft Visual Studio Solution File, Format Version 12.00
# Visual Studio Version 17
VisualStudioVersion = 17.11.35303.130
MinimumVisualStudioVersion = 10.0.40219.1
Project("{FAE04EC0-301F-11D3-BF4B-00C04F79EFBC}") = "tugas", "tugas\tugas.csproj", "{CA31D0DA-5473-4654-835E-B7E0FE9AB13D}"
EndProject
Global
	GlobalSection(SolutionConfigurationPlatforms) = preSolution
		Debug|Any CPU = Debug|Any CPU
		Release|Any CPU = Release|Any CPU
	EndGlobalSection
	GlobalSection(ProjectConfigurationPlatforms) = postSolution
		{CA31D0DA-5473-4654-835E-B7E0FE9AB13D}.Debug|Any CPU.ActiveCfg = Debug|Any CPU
		{CA31D0DA-5473-4654-835E-B7E0FE9AB13D}.Debug|Any CPU.Build.0 = Debug|Any CPU
		{CA31D0DA-5473-4654-835E-B7E0FE9AB13D}.Release|Any CPU.ActiveCfg = Release|Any CPU
		{CA31D0DA-5473-4654-835E-B7E0FE9AB13D}.Release|Any CPU.Build.0 = Release|Any CPU
	EndGlobalSection
	GlobalSection(SolutionProperties) = preSolution
		HideSolutionNode = FALSE
	EndGlobalSection
	GlobalSection(ExtensibilityGlobals) = postSolution
		SolutionGuid = {8CF52EFD-984E-4377-9DFE-0A7102D289BE}
	EndGlobalSection
EndGlobal
